
Microsoft Visual Studio Solution File, Format Version 12.00
# Visual Studio 15
Project("{FAE04EC0-301F-11D3-BF4B-00C04F79EFBC}") = "SimpleWebTransport", "SimpleWebTransport.csproj", "{24D32CBB-EA17-4BE7-11B9-A2DE5B389F0C}"
EndProject
Project("{FAE04EC0-301F-11D3-BF4B-00C04F79EFBC}") = "Mirror", "Mirror.csproj", "{5F3B3360-2937-2FD9-39D0-C28495D94C4A}"
EndProject
Project("{FAE04EC0-301F-11D3-BF4B-00C04F79EFBC}") = "Telepathy", "Telepathy.csproj", "{4D5934D1-5849-2C1F-5E20-D33504D8BBA7}"
EndProject
Project("{FAE04EC0-301F-11D3-BF4B-00C04F79EFBC}") = "Mirror.Cloud", "Mirror.Cloud.csproj", "{1C5ADAA8-0C04-2604-2F65-B66F6A5F5FFB}"
EndProject
Project("{FAE04EC0-301F-11D3-BF4B-00C04F79EFBC}") = "Mirror.Components", "Mirror.Components.csproj", "{239CD0DE-AC93-43C1-3B45-8B587C27DFBF}"
EndProject
Project("{FAE04EC0-301F-11D3-BF4B-00C04F79EFBC}") = "Assembly-CSharp", "Assembly-CSharp.csproj", "{439ED3B1-AA07-13EF-0BBB-CD20233D5DA4}"
EndProject
Project("{FAE04EC0-301F-11D3-BF4B-00C04F79EFBC}") = "Mirror.Examples", "Mirror.Examples.csproj", "{77F97D44-4279-0E47-D8F6-B4A0EAAC3A65}"
EndProject
Project("{FAE04EC0-301F-11D3-BF4B-00C04F79EFBC}") = "Mirror.Examples.Cloud.GUI", "Mirror.Examples.Cloud.GUI.csproj", "{B55B7789-2718-17A5-31E6-B58937F3A61F}"
EndProject
Project("{FAE04EC0-301F-11D3-BF4B-00C04F79EFBC}") = "kcp2k", "kcp2k.csproj", "{A0C41FB2-F3D9-875B-0537-A5977828B7FA}"
EndProject
Project("{FAE04EC0-301F-11D3-BF4B-00C04F79EFBC}") = "Mirror.Examples.Cloud.Pong", "Mirror.Examples.Cloud.Pong.csproj", "{3BE8E376-ACCF-3566-7107-AEE66B5C9A1D}"
EndProject
Project("{FAE04EC0-301F-11D3-BF4B-00C04F79EFBC}") = "Mirror.Authenticators", "Mirror.Authenticators.csproj", "{2B6F2432-F3D1-5332-10E7-20E9C46E81AB}"
EndProject
Project("{FAE04EC0-301F-11D3-BF4B-00C04F79EFBC}") = "Mirror.example.RigidbodyPhysics", "Mirror.example.RigidbodyPhysics.csproj", "{E1F6C917-75BD-E0C3-BC94-BECAAD042A15}"
EndProject
Project("{FAE04EC0-301F-11D3-BF4B-00C04F79EFBC}") = "Mirror.Weaver", "Mirror.Weaver.csproj", "{0F630883-AA48-BEAA-0B10-17B576A21AB6}"
EndProject
Project("{FAE04EC0-301F-11D3-BF4B-00C04F79EFBC}") = "Mirror.Editor", "Mirror.Editor.csproj", "{75BC9CC2-D59A-19C6-1123-86EC0FAEA3E3}"
EndProject
Project("{FAE04EC0-301F-11D3-BF4B-00C04F79EFBC}") = "Mirror.CompilerSymbols", "Mirror.CompilerSymbols.csproj", "{0EF90B3A-9B50-30F5-C145-BAEAC6359E1D}"
EndProject
Global
	GlobalSection(SolutionConfigurationPlatforms) = preSolution
		Debug|Any CPU = Debug|Any CPU
		Release|Any CPU = Release|Any CPU
	EndGlobalSection
	GlobalSection(ProjectConfigurationPlatforms) = postSolution
		{24D32CBB-EA17-4BE7-11B9-A2DE5B389F0C}.Debug|Any CPU.ActiveCfg = Debug|Any CPU
		{24D32CBB-EA17-4BE7-11B9-A2DE5B389F0C}.Debug|Any CPU.Build.0 = Debug|Any CPU
		{24D32CBB-EA17-4BE7-11B9-A2DE5B389F0C}.Release|Any CPU.ActiveCfg = Release|Any CPU
		{24D32CBB-EA17-4BE7-11B9-A2DE5B389F0C}.Release|Any CPU.Build.0 = Release|Any CPU
		{5F3B3360-2937-2FD9-39D0-C28495D94C4A}.Debug|Any CPU.ActiveCfg = Debug|Any CPU
		{5F3B3360-2937-2FD9-39D0-C28495D94C4A}.Debug|Any CPU.Build.0 = Debug|Any CPU
		{5F3B3360-2937-2FD9-39D0-C28495D94C4A}.Release|Any CPU.ActiveCfg = Release|Any CPU
		{5F3B3360-2937-2FD9-39D0-C28495D94C4A}.Release|Any CPU.Build.0 = Release|Any CPU
		{4D5934D1-5849-2C1F-5E20-D33504D8BBA7}.Debug|Any CPU.ActiveCfg = Debug|Any CPU
		{4D5934D1-5849-2C1F-5E20-D33504D8BBA7}.Debug|Any CPU.Build.0 = Debug|Any CPU
		{4D5934D1-5849-2C1F-5E20-D33504D8BBA7}.Release|Any CPU.ActiveCfg = Release|Any CPU
		{4D5934D1-5849-2C1F-5E20-D33504D8BBA7}.Release|Any CPU.Build.0 = Release|Any CPU
		{1C5ADAA8-0C04-2604-2F65-B66F6A5F5FFB}.Debug|Any CPU.ActiveCfg = Debug|Any CPU
		{1C5ADAA8-0C04-2604-2F65-B66F6A5F5FFB}.Debug|Any CPU.Build.0 = Debug|Any CPU
		{1C5ADAA8-0C04-2604-2F65-B66F6A5F5FFB}.Release|Any CPU.ActiveCfg = Release|Any CPU
		{1C5ADAA8-0C04-2604-2F65-B66F6A5F5FFB}.Release|Any CPU.Build.0 = Release|Any CPU
		{239CD0DE-AC93-43C1-3B45-8B587C27DFBF}.Debug|Any CPU.ActiveCfg = Debug|Any CPU
		{239CD0DE-AC93-43C1-3B45-8B587C27DFBF}.Debug|Any CPU.Build.0 = Debug|Any CPU
		{239CD0DE-AC93-43C1-3B45-8B587C27DFBF}.Release|Any CPU.ActiveCfg = Release|Any CPU
		{239CD0DE-AC93-43C1-3B45-8B587C27DFBF}.Release|Any CPU.Build.0 = Release|Any CPU
		{439ED3B1-AA07-13EF-0BBB-CD20233D5DA4}.Debug|Any CPU.ActiveCfg = Debug|Any CPU
		{439ED3B1-AA07-13EF-0BBB-CD20233D5DA4}.Debug|Any CPU.Build.0 = Debug|Any CPU
		{439ED3B1-AA07-13EF-0BBB-CD20233D5DA4}.Release|Any CPU.ActiveCfg = Release|Any CPU
		{439ED3B1-AA07-13EF-0BBB-CD20233D5DA4}.Release|Any CPU.Build.0 = Release|Any CPU
		{77F97D44-4279-0E47-D8F6-B4A0EAAC3A65}.Debug|Any CPU.ActiveCfg = Debug|Any CPU
		{77F97D44-4279-0E47-D8F6-B4A0EAAC3A65}.Debug|Any CPU.Build.0 = Debug|Any CPU
		{77F97D44-4279-0E47-D8F6-B4A0EAAC3A65}.Release|Any CPU.ActiveCfg = Release|Any CPU
		{77F97D44-4279-0E47-D8F6-B4A0EAAC3A65}.Release|Any CPU.Build.0 = Release|Any CPU
		{B55B7789-2718-17A5-31E6-B58937F3A61F}.Debug|Any CPU.ActiveCfg = Debug|Any CPU
		{B55B7789-2718-17A5-31E6-B58937F3A61F}.Debug|Any CPU.Build.0 = Debug|Any CPU
		{B55B7789-2718-17A5-31E6-B58937F3A61F}.Release|Any CPU.ActiveCfg = Release|Any CPU
		{B55B7789-2718-17A5-31E6-B58937F3A61F}.Release|Any CPU.Build.0 = Release|Any CPU
		{A0C41FB2-F3D9-875B-0537-A5977828B7FA}.Debug|Any CPU.ActiveCfg = Debug|Any CPU
		{A0C41FB2-F3D9-875B-0537-A5977828B7FA}.Debug|Any CPU.Build.0 = Debug|Any CPU
		{A0C41FB2-F3D9-875B-0537-A5977828B7FA}.Release|Any CPU.ActiveCfg = Release|Any CPU
		{A0C41FB2-F3D9-875B-0537-A5977828B7FA}.Release|Any CPU.Build.0 = Release|Any CPU
		{3BE8E376-ACCF-3566-7107-AEE66B5C9A1D}.Debug|Any CPU.ActiveCfg = Debug|Any CPU
		{3BE8E376-ACCF-3566-7107-AEE66B5C9A1D}.Debug|Any CPU.Build.0 = Debug|Any CPU
		{3BE8E376-ACCF-3566-7107-AEE66B5C9A1D}.Release|Any CPU.ActiveCfg = Release|Any CPU
		{3BE8E376-ACCF-3566-7107-AEE66B5C9A1D}.Release|Any CPU.Build.0 = Release|Any CPU
		{2B6F2432-F3D1-5332-10E7-20E9C46E81AB}.Debug|Any CPU.ActiveCfg = Debug|Any CPU
		{2B6F2432-F3D1-5332-10E7-20E9C46E81AB}.Debug|Any CPU.Build.0 = Debug|Any CPU
		{2B6F2432-F3D1-5332-10E7-20E9C46E81AB}.Release|Any CPU.ActiveCfg = Release|Any CPU
		{2B6F2432-F3D1-5332-10E7-20E9C46E81AB}.Release|Any CPU.Build.0 = Release|Any CPU
		{E1F6C917-75BD-E0C3-BC94-BECAAD042A15}.Debug|Any CPU.ActiveCfg = Debug|Any CPU
		{E1F6C917-75BD-E0C3-BC94-BECAAD042A15}.Debug|Any CPU.Build.0 = Debug|Any CPU
		{E1F6C917-75BD-E0C3-BC94-BECAAD042A15}.Release|Any CPU.ActiveCfg = Release|Any CPU
		{E1F6C917-75BD-E0C3-BC94-BECAAD042A15}.Release|Any CPU.Build.0 = Release|Any CPU
		{0F630883-AA48-BEAA-0B10-17B576A21AB6}.Debug|Any CPU.ActiveCfg = Debug|Any CPU
		{0F630883-AA48-BEAA-0B10-17B576A21AB6}.Debug|Any CPU.Build.0 = Debug|Any CPU
		{0F630883-AA48-BEAA-0B10-17B576A21AB6}.Release|Any CPU.ActiveCfg = Release|Any CPU
		{0F630883-AA48-BEAA-0B10-17B576A21AB6}.Release|Any CPU.Build.0 = Release|Any CPU
		{75BC9CC2-D59A-19C6-1123-86EC0FAEA3E3}.Debug|Any CPU.ActiveCfg = Debug|Any CPU
		{75BC9CC2-D59A-19C6-1123-86EC0FAEA3E3}.Debug|Any CPU.Build.0 = Debug|Any CPU
		{75BC9CC2-D59A-19C6-1123-86EC0FAEA3E3}.Release|Any CPU.ActiveCfg = Release|Any CPU
		{75BC9CC2-D59A-19C6-1123-86EC0FAEA3E3}.Release|Any CPU.Build.0 = Release|Any CPU
		{0EF90B3A-9B50-30F5-C145-BAEAC6359E1D}.Debug|Any CPU.ActiveCfg = Debug|Any CPU
		{0EF90B3A-9B50-30F5-C145-BAEAC6359E1D}.Debug|Any CPU.Build.0 = Debug|Any CPU
		{0EF90B3A-9B50-30F5-C145-BAEAC6359E1D}.Release|Any CPU.ActiveCfg = Release|Any CPU
		{0EF90B3A-9B50-30F5-C145-BAEAC6359E1D}.Release|Any CPU.Build.0 = Release|Any CPU
	EndGlobalSection
	GlobalSection(SolutionProperties) = preSolution
		HideSolutionNode = FALSE
	EndGlobalSection
EndGlobal
